
Microsoft Visual Studio Solution File, Format Version 12.00
# Visual Studio Version 17
VisualStudioVersion = 17.2.32616.157
MinimumVisualStudioVersion = 10.0.40219.1
Project("{FAE04EC0-301F-11D3-BF4B-00C04F79EFBC}") = "PassportAPI", "PassportAPI\PassportAPI.csproj", "{42E6BC66-8431-4817-B9CB-2C45D2AB801D}"
EndProject
Global
	GlobalSection(SolutionConfigurationPlatforms) = preSolution
		Debug|Any CPU = Debug|Any CPU
		Release|Any CPU = Release|Any CPU
	EndGlobalSection
	GlobalSection(ProjectConfigurationPlatforms) = postSolution
		{42E6BC66-8431-4817-B9CB-2C45D2AB801D}.Debug|Any CPU.ActiveCfg = Debug|Any CPU
		{42E6BC66-8431-4817-B9CB-2C45D2AB801D}.Debug|Any CPU.Build.0 = Debug|Any CPU
		{42E6BC66-8431-4817-B9CB-2C45D2AB801D}.Release|Any CPU.ActiveCfg = Release|Any CPU
		{42E6BC66-8431-4817-B9CB-2C45D2AB801D}.Release|Any CPU.Build.0 = Release|Any CPU
	EndGlobalSection
	GlobalSection(SolutionProperties) = preSolution
		HideSolutionNode = FALSE
	EndGlobalSection
	GlobalSection(ExtensibilityGlobals) = postSolution
		SolutionGuid = {9EC471C2-9ADC-4AF0-8E1E-695A0A6E1C80}
	EndGlobalSection
EndGlobal
